
Microsoft Visual Studio Solution File, Format Version 12.00
# Visual Studio Version 16
VisualStudioVersion = 16.0.31613.86
MinimumVisualStudioVersion = 10.0.40219.1
Project("{2150E333-8FDC-42A3-9474-1A3956D46DE8}") = "src", "src", "{9E858EC1-9565-4DF7-B9B9-2C42E0E8DA51}"
EndProject
Project("{2150E333-8FDC-42A3-9474-1A3956D46DE8}") = "tests", "tests", "{8476A2D4-9D51-457E-BC04-9AB87B6F00AC}"
EndProject
Project("{FAE04EC0-301F-11D3-BF4B-00C04F79EFBC}") = "BLL", "BLL\BLL.csproj", "{5DFBFE96-D8DA-4EA1-8361-60DBCCE647B8}"
EndProject
Project("{FAE04EC0-301F-11D3-BF4B-00C04F79EFBC}") = "BLL.UnitTests", "BLL.UnitTests\BLL.UnitTests.csproj", "{E8EB64DB-F10B-4040-88D4-DE978F1F7447}"
EndProject
Global
	GlobalSection(SolutionConfigurationPlatforms) = preSolution
		Debug|Any CPU = Debug|Any CPU
		Release|Any CPU = Release|Any CPU
	EndGlobalSection
	GlobalSection(ProjectConfigurationPlatforms) = postSolution
		{5DFBFE96-D8DA-4EA1-8361-60DBCCE647B8}.Debug|Any CPU.ActiveCfg = Debug|Any CPU
		{5DFBFE96-D8DA-4EA1-8361-60DBCCE647B8}.Debug|Any CPU.Build.0 = Debug|Any CPU
		{5DFBFE96-D8DA-4EA1-8361-60DBCCE647B8}.Release|Any CPU.ActiveCfg = Release|Any CPU
		{5DFBFE96-D8DA-4EA1-8361-60DBCCE647B8}.Release|Any CPU.Build.0 = Release|Any CPU
		{E8EB64DB-F10B-4040-88D4-DE978F1F7447}.Debug|Any CPU.ActiveCfg = Debug|Any CPU
		{E8EB64DB-F10B-4040-88D4-DE978F1F7447}.Debug|Any CPU.Build.0 = Debug|Any CPU
		{E8EB64DB-F10B-4040-88D4-DE978F1F7447}.Release|Any CPU.ActiveCfg = Release|Any CPU
		{E8EB64DB-F10B-4040-88D4-DE978F1F7447}.Release|Any CPU.Build.0 = Release|Any CPU
	EndGlobalSection
	GlobalSection(SolutionProperties) = preSolution
		HideSolutionNode = FALSE
	EndGlobalSection
	GlobalSection(NestedProjects) = preSolution
		{5DFBFE96-D8DA-4EA1-8361-60DBCCE647B8} = {9E858EC1-9565-4DF7-B9B9-2C42E0E8DA51}
		{E8EB64DB-F10B-4040-88D4-DE978F1F7447} = {8476A2D4-9D51-457E-BC04-9AB87B6F00AC}
	EndGlobalSection
	GlobalSection(ExtensibilityGlobals) = postSolution
		SolutionGuid = {3F45BDC3-7566-427F-82D3-31E83D5D4429}
	EndGlobalSection
EndGlobal
